// !$*UTF8*$!
{
	archiveVersion = 1;
	classes = {
	};
	objectVersion = 56;
	objects = {

/* Begin PBXBuildFile section */
		A7D315EA2944F9A400A18882 /* AppDelegate.swift in Sources */ = {isa = PBXBuildFile; fileRef = A7D315E92944F9A400A18882 /* AppDelegate.swift */; };
		A7D315EC2944F9A400A18882 /* ContentView.swift in Sources */ = {isa = PBXBuildFile; fileRef = A7D315EB2944F9A400A18882 /* ContentView.swift */; };
		A7D315EE2944F9A400A18882 /* Experience.rcproject in Sources */ = {isa = PBXBuildFile; fileRef = A7D315ED2944F9A400A18882 /* Experience.rcproject */; };
		A7D315F02944F9A500A18882 /* Assets.xcassets in Resources */ = {isa = PBXBuildFile; fileRef = A7D315EF2944F9A500A18882 /* Assets.xcassets */; };
		A7D315F32944F9A500A18882 /* Preview Assets.xcassets in Resources */ = {isa = PBXBuildFile; fileRef = A7D315F22944F9A500A18882 /* Preview Assets.xcassets */; };
		A7D315FD2944F9A500A18882 /* AncoringObjectWithARTests.swift in Sources */ = {isa = PBXBuildFile; fileRef = A7D315FC2944F9A500A18882 /* AncoringObjectWithARTests.swift */; };
		A7D316072944F9A500A18882 /* AncoringObjectWithARUITests.swift in Sources */ = {isa = PBXBuildFile; fileRef = A7D316062944F9A500A18882 /* AncoringObjectWithARUITests.swift */; };
		A7D316092944F9A500A18882 /* AncoringObjectWithARUITestsLaunchTests.swift in Sources */ = {isa = PBXBuildFile; fileRef = A7D316082944F9A500A18882 /* AncoringObjectWithARUITestsLaunchTests.swift */; };
/* End PBXBuildFile section */

/* Begin PBXContainerItemProxy section */
		A7D315F92944F9A500A18882 /* PBXContainerItemProxy */ = {
			isa = PBXContainerItemProxy;
			containerPortal = A7D315DE2944F9A400A18882 /* Project object */;
			proxyType = 1;
			remoteGlobalIDString = A7D315E52944F9A400A18882;
			remoteInfo = AncoringObjectWithAR;
		};
		A7D316032944F9A500A18882 /* PBXContainerItemProxy */ = {
			isa = PBXContainerItemProxy;
			containerPortal = A7D315DE2944F9A400A18882 /* Project object */;
			proxyType = 1;
			remoteGlobalIDString = A7D315E52944F9A400A18882;
			remoteInfo = AncoringObjectWithAR;
		};
/* End PBXContainerItemProxy section */

/* Begin PBXFileReference section */
		A7D315E62944F9A400A18882 /* AncoringObjectWithAR.app */ = {isa = PBXFileReference; explicitFileType = wrapper.application; includeInIndex = 0; path = AncoringObjectWithAR.app; sourceTree = BUILT_PRODUCTS_DIR; };
		A7D315E92944F9A400A18882 /* AppDelegate.swift */ = {isa = PBXFileReference; lastKnownFileType = sourcecode.swift; path = AppDelegate.swift; sourceTree = "<group>"; };
		A7D315EB2944F9A400A18882 /* ContentView.swift */ = {isa = PBXFileReference; lastKnownFileType = sourcecode.swift; path = ContentView.swift; sourceTree = "<group>"; };
		A7D315ED2944F9A400A18882 /* Experience.rcproject */ = {isa = PBXFileReference; lastKnownFileType = file.rcproject; path = Experience.rcproject; sourceTree = "<group>"; };
		A7D315EF2944F9A500A18882 /* Assets.xcassets */ = {isa = PBXFileReference; lastKnownFileType = folder.assetcatalog; path = Assets.xcassets; sourceTree = "<group>"; };
		A7D315F22944F9A500A18882 /* Preview Assets.xcassets */ = {isa = PBXFileReference; lastKnownFileType = folder.assetcatalog; path = "Preview Assets.xcassets"; sourceTree = "<group>"; };
		A7D315F82944F9A500A18882 /* AncoringObjectWithARTests.xctest */ = {isa = PBXFileReference; explicitFileType = wrapper.cfbundle; includeInIndex = 0; path = AncoringObjectWithARTests.xctest; sourceTree = BUILT_PRODUCTS_DIR; };
		A7D315FC2944F9A500A18882 /* AncoringObjectWithARTests.swift */ = {isa = PBXFileReference; lastKnownFileType = sourcecode.swift; path = AncoringObjectWithARTests.swift; sourceTree = "<group>"; };
		A7D316022944F9A500A18882 /* AncoringObjectWithARUITests.xctest */ = {isa = PBXFileReference; explicitFileType = wrapper.cfbundle; includeInIndex = 0; path = AncoringObjectWithARUITests.xctest; sourceTree = BUILT_PRODUCTS_DIR; };
		A7D316062944F9A500A18882 /* AncoringObjectWithARUITests.swift */ = {isa = PBXFileReference; lastKnownFileType = sourcecode.swift; path = AncoringObjectWithARUITests.swift; sourceTree = "<group>"; };
		A7D316082944F9A500A18882 /* AncoringObjectWithARUITestsLaunchTests.swift */ = {isa = PBXFileReference; lastKnownFileType = sourcecode.swift; path = AncoringObjectWithARUITestsLaunchTests.swift; sourceTree = "<group>"; };
/* End PBXFileReference section */

/* Begin PBXFrameworksBuildPhase section */
		A7D315E32944F9A400A18882 /* Frameworks */ = {
			isa = PBXFrameworksBuildPhase;
			buildActionMask = 2147483647;
			files = (
			);
			runOnlyForDeploymentPostprocessing = 0;
		};
		A7D315F52944F9A500A18882 /* Frameworks */ = {
			isa = PBXFrameworksBuildPhase;
			buildActionMask = 2147483647;
			files = (
			);
			runOnlyForDeploymentPostprocessing = 0;
		};
		A7D315FF2944F9A500A18882 /* Frameworks */ = {
			isa = PBXFrameworksBuildPhase;
			buildActionMask = 2147483647;
			files = (
			);
			runOnlyForDeploymentPostprocessing = 0;
		};
/* End PBXFrameworksBuildPhase section */

/* Begin PBXGroup section */
		A7D315DD2944F9A400A18882 = {
			isa = PBXGroup;
			children = (
				A7D315E82944F9A400A18882 /* AncoringObjectWithAR */,
				A7D315FB2944F9A500A18882 /* AncoringObjectWithARTests */,
				A7D316052944F9A500A18882 /* AncoringObjectWithARUITests */,
				A7D315E72944F9A400A18882 /* Products */,
			);
			sourceTree = "<group>";
		};
		A7D315E72944F9A400A18882 /* Products */ = {
			isa = PBXGroup;
			children = (
				A7D315E62944F9A400A18882 /* AncoringObjectWithAR.app */,
				A7D315F82944F9A500A18882 /* AncoringObjectWithARTests.xctest */,
				A7D316022944F9A500A18882 /* AncoringObjectWithARUITests.xctest */,
			);
			name = Products;
			sourceTree = "<group>";
		};
		A7D315E82944F9A400A18882 /* AncoringObjectWithAR */ = {
			isa = PBXGroup;
			children = (
				A7D315E92944F9A400A18882 /* AppDelegate.swift */,
				A7D315EB2944F9A400A18882 /* ContentView.swift */,
				A7D315ED2944F9A400A18882 /* Experience.rcproject */,
				A7D315EF2944F9A500A18882 /* Assets.xcassets */,
				A7D315F12944F9A500A18882 /* Preview Content */,
			);
			path = AncoringObjectWithAR;
			sourceTree = "<group>";
		};
		A7D315F12944F9A500A18882 /* Preview Content */ = {
			isa = PBXGroup;
			children = (
				A7D315F22944F9A500A18882 /* Preview Assets.xcassets */,
			);
			path = "Preview Content";
			sourceTree = "<group>";
		};
		A7D315FB2944F9A500A18882 /* AncoringObjectWithARTests */ = {
			isa = PBXGroup;
			children = (
				A7D315FC2944F9A500A18882 /* AncoringObjectWithARTests.swift */,
			);
			path = AncoringObjectWithARTests;
			sourceTree = "<group>";
		};
		A7D316052944F9A500A18882 /* AncoringObjectWithARUITests */ = {
			isa = PBXGroup;
			children = (
				A7D316062944F9A500A18882 /* AncoringObjectWithARUITests.swift */,
				A7D316082944F9A500A18882 /* AncoringObjectWithARUITestsLaunchTests.swift */,
			);
			path = AncoringObjectWithARUITests;
			sourceTree = "<group>";
		};
/* End PBXGroup section */

/* Begin PBXNativeTarget section */
		A7D315E52944F9A400A18882 /* AncoringObjectWithAR */ = {
			isa = PBXNativeTarget;
			buildConfigurationList = A7D3160C2944F9A500A18882 /* Build configuration list for PBXNativeTarget "AncoringObjectWithAR" */;
			buildPhases = (
				A7D315E22944F9A400A18882 /* Sources */,
				A7D315E32944F9A400A18882 /* Frameworks */,
				A7D315E42944F9A400A18882 /* Resources */,
			);
			buildRules = (
			);
			dependencies = (
			);
			name = AncoringObjectWithAR;
			productName = AncoringObjectWithAR;
			productReference = A7D315E62944F9A400A18882 /* AncoringObjectWithAR.app */;
			productType = "com.apple.product-type.application";
		};
		A7D315F72944F9A500A18882 /* AncoringObjectWithARTests */ = {
			isa = PBXNativeTarget;
			buildConfigurationList = A7D3160F2944F9A500A18882 /* Build configuration list for PBXNativeTarget "AncoringObjectWithARTests" */;
			buildPhases = (
				A7D315F42944F9A500A18882 /* Sources */,
				A7D315F52944F9A500A18882 /* Frameworks */,
				A7D315F62944F9A500A18882 /* Resources */,
			);
			buildRules = (
			);
			dependencies = (
				A7D315FA2944F9A500A18882 /* PBXTargetDependency */,
			);
			name = AncoringObjectWithARTests;
			productName = AncoringObjectWithARTests;
			productReference = A7D315F82944F9A500A18882 /* AncoringObjectWithARTests.xctest */;
			productType = "com.apple.product-type.bundle.unit-test";
		};
		A7D316012944F9A500A18882 /* AncoringObjectWithARUITests */ = {
			isa = PBXNativeTarget;
			buildConfigurationList = A7D316122944F9A500A18882 /* Build configuration list for PBXNativeTarget "AncoringObjectWithARUITests" */;
			buildPhases = (
				A7D315FE2944F9A500A18882 /* Sources */,
				A7D315FF2944F9A500A18882 /* Frameworks */,
				A7D316002944F9A500A18882 /* Resources */,
			);
			buildRules = (
			);
			dependencies = (
				A7D316042944F9A500A18882 /* PBXTargetDependency */,
			);
			name = AncoringObjectWithARUITests;
			productName = AncoringObjectWithARUITests;
			productReference = A7D316022944F9A500A18882 /* AncoringObjectWithARUITests.xctest */;
			productType = "com.apple.product-type.bundle.ui-testing";
		};
/* End PBXNativeTarget section */

/* Begin PBXProject section */
		A7D315DE2944F9A400A18882 /* Project object */ = {
			isa = PBXProject;
			attributes = {
				BuildIndependentTargetsInParallel = 1;
				LastSwiftUpdateCheck = 1410;
				LastUpgradeCheck = 1410;
				TargetAttributes = {
					A7D315E52944F9A400A18882 = {
						CreatedOnToolsVersion = 14.1;
					};
					A7D315F72944F9A500A18882 = {
						CreatedOnToolsVersion = 14.1;
						TestTargetID = A7D315E52944F9A400A18882;
					};
					A7D316012944F9A500A18882 = {
						CreatedOnToolsVersion = 14.1;
						TestTargetID = A7D315E52944F9A400A18882;
					};
				};
			};
			buildConfigurationList = A7D315E12944F9A400A18882 /* Build configuration list for PBXProject "AncoringObjectWithAR" */;
			compatibilityVersion = "Xcode 14.0";
			developmentRegion = en;
			hasScannedForEncodings = 0;
			knownRegions = (
				en,
				Base,
			);
			mainGroup = A7D315DD2944F9A400A18882;
			productRefGroup = A7D315E72944F9A400A18882 /* Products */;
			projectDirPath = "";
			projectRoot = "";
			targets = (
				A7D315E52944F9A400A18882 /* AncoringObjectWithAR */,
				A7D315F72944F9A500A18882 /* AncoringObjectWithARTests */,
				A7D316012944F9A500A18882 /* AncoringObjectWithARUITests */,
			);
		};
/* End PBXProject section */

/* Begin PBXResourcesBuildPhase section */
		A7D315E42944F9A400A18882 /* Resources */ = {
			isa = PBXResourcesBuildPhase;
			buildActionMask = 2147483647;
			files = (
				A7D315F32944F9A500A18882 /* Preview Assets.xcassets in Resources */,
				A7D315F02944F9A500A18882 /* Assets.xcassets in Resources */,
			);
			runOnlyForDeploymentPostprocessing = 0;
		};
		A7D315F62944F9A500A18882 /* Resources */ = {
			isa = PBXResourcesBuildPhase;
			buildActionMask = 2147483647;
			files = (
			);
			runOnlyForDeploymentPostprocessing = 0;
		};
		A7D316002944F9A500A18882 /* Resources */ = {
			isa = PBXResourcesBuildPhase;
			buildActionMask = 2147483647;
			files = (
			);
			runOnlyForDeploymentPostprocessing = 0;
		};
/* End PBXResourcesBuildPhase section */

/* Begin PBXSourcesBuildPhase section */
		A7D315E22944F9A400A18882 /* Sources */ = {
			isa = PBXSourcesBuildPhase;
			buildActionMask = 2147483647;
			files = (
				A7D315EC2944F9A400A18882 /* ContentView.swift in Sources */,
				A7D315EA2944F9A400A18882 /* AppDelegate.swift in Sources */,
				A7D315EE2944F9A400A18882 /* Experience.rcproject in Sources */,
			);
			runOnlyForDeploymentPostprocessing = 0;
		};
		A7D315F42944F9A500A18882 /* Sources */ = {
			isa = PBXSourcesBuildPhase;
			buildActionMask = 2147483647;
			files = (
				A7D315FD2944F9A500A18882 /* AncoringObjectWithARTests.swift in Sources */,
			);
			runOnlyForDeploymentPostprocessing = 0;
		};
		A7D315FE2944F9A500A18882 /* Sources */ = {
			isa = PBXSourcesBuildPhase;
			buildActionMask = 2147483647;
			files = (
				A7D316072944F9A500A18882 /* AncoringObjectWithARUITests.swift in Sources */,
				A7D316092944F9A500A18882 /* AncoringObjectWithARUITestsLaunchTests.swift in Sources */,
			);
			runOnlyForDeploymentPostprocessing = 0;
		};
/* End PBXSourcesBuildPhase section */

/* Begin PBXTargetDependency section */
		A7D315FA2944F9A500A18882 /* PBXTargetDependency */ = {
			isa = PBXTargetDependency;
			target = A7D315E52944F9A400A18882 /* AncoringObjectWithAR */;
			targetProxy = A7D315F92944F9A500A18882 /* PBXContainerItemProxy */;
		};
		A7D316042944F9A500A18882 /* PBXTargetDependency */ = {
			isa = PBXTargetDependency;
			target = A7D315E52944F9A400A18882 /* AncoringObjectWithAR */;
			targetProxy = A7D316032944F9A500A18882 /* PBXContainerItemProxy */;
		};
/* End PBXTargetDependency section */

/* Begin XCBuildConfiguration section */
		A7D3160A2944F9A500A18882 /* Debug */ = {
			isa = XCBuildConfiguration;
			buildSettings = {
				ALWAYS_SEARCH_USER_PATHS = NO;
				CLANG_ANALYZER_NONNULL = YES;
				CLANG_ANALYZER_NUMBER_OBJECT_CONVERSION = YES_AGGRESSIVE;
				CLANG_CXX_LANGUAGE_STANDARD = "gnu++20";
				CLANG_ENABLE_MODULES = YES;
				CLANG_ENABLE_OBJC_ARC = YES;
				CLANG_ENABLE_OBJC_WEAK = YES;
				CLANG_WARN_BLOCK_CAPTURE_AUTORELEASING = YES;
				CLANG_WARN_BOOL_CONVERSION = YES;
				CLANG_WARN_COMMA = YES;
				CLANG_WARN_CONSTANT_CONVERSION = YES;
				CLANG_WARN_DEPRECATED_OBJC_IMPLEMENTATIONS = YES;
				CLANG_WARN_DIRECT_OBJC_ISA_USAGE = YES_ERROR;
				CLANG_WARN_DOCUMENTATION_COMMENTS = YES;
				CLANG_WARN_EMPTY_BODY = YES;
				CLANG_WARN_ENUM_CONVERSION = YES;
				CLANG_WARN_INFINITE_RECURSION = YES;
				CLANG_WARN_INT_CONVERSION = YES;
				CLANG_WARN_NON_LITERAL_NULL_CONVERSION = YES;
				CLANG_WARN_OBJC_IMPLICIT_RETAIN_SELF = YES;
				CLANG_WARN_OBJC_LITERAL_CONVERSION = YES;
				CLANG_WARN_OBJC_ROOT_CLASS = YES_ERROR;
				CLANG_WARN_QUOTED_INCLUDE_IN_FRAMEWORK_HEADER = YES;
				CLANG_WARN_RANGE_LOOP_ANALYSIS = YES;
				CLANG_WARN_STRICT_PROTOTYPES = YES;
				CLANG_WARN_SUSPICIOUS_MOVE = YES;
				CLANG_WARN_UNGUARDED_AVAILABILITY = YES_AGGRESSIVE;
				CLANG_WARN_UNREACHABLE_CODE = YES;
				CLANG_WARN__DUPLICATE_METHOD_MATCH = YES;
				COPY_PHASE_STRIP = NO;
				DEBUG_INFORMATION_FORMAT = dwarf;
				ENABLE_STRICT_OBJC_MSGSEND = YES;
				ENABLE_TESTABILITY = YES;
				GCC_C_LANGUAGE_STANDARD = gnu11;
				GCC_DYNAMIC_NO_PIC = NO;
				GCC_NO_COMMON_BLOCKS = YES;
				GCC_OPTIMIZATION_LEVEL = 0;
				GCC_PREPROCESSOR_DEFINITIONS = (
					"DEBUG=1",
					"$(inherited)",
				);
				GCC_WARN_64_TO_32_BIT_CONVERSION = YES;
				GCC_WARN_ABOUT_RETURN_TYPE = YES_ERROR;
				GCC_WARN_UNDECLARED_SELECTOR = YES;
				GCC_WARN_UNINITIALIZED_AUTOS = YES_AGGRESSIVE;
				GCC_WARN_UNUSED_FUNCTION = YES;
				GCC_WARN_UNUSED_VARIABLE = YES;
				IPHONEOS_DEPLOYMENT_TARGET = 16.1;
				MTL_ENABLE_DEBUG_INFO = INCLUDE_SOURCE;
				MTL_FAST_MATH = YES;
				ONLY_ACTIVE_ARCH = YES;
				SDKROOT = iphoneos;
				SWIFT_ACTIVE_COMPILATION_CONDITIONS = DEBUG;
				SWIFT_OPTIMIZATION_LEVEL = "-Onone";
			};
			name = Debug;
		};
		A7D3160B2944F9A500A18882 /* Release */ = {
			isa = XCBuildConfiguration;
			buildSettings = {
				ALWAYS_SEARCH_USER_PATHS = NO;
				CLANG_ANALYZER_NONNULL = YES;
				CLANG_ANALYZER_NUMBER_OBJECT_CONVERSION = YES_AGGRESSIVE;
				CLANG_CXX_LANGUAGE_STANDARD = "gnu++20";
				CLANG_ENABLE_MODULES = YES;
				CLANG_ENABLE_OBJC_ARC = YES;
				CLANG_ENABLE_OBJC_WEAK = YES;
				CLANG_WARN_BLOCK_CAPTURE_AUTORELEASING = YES;
				CLANG_WARN_BOOL_CONVERSION = YES;
				CLANG_WARN_COMMA = YES;
				CLANG_WARN_CONSTANT_CONVERSION = YES;
				CLANG_WARN_DEPRECATED_OBJC_IMPLEMENTATIONS = YES;
				CLANG_WARN_DIRECT_OBJC_ISA_USAGE = YES_ERROR;
				CLANG_WARN_DOCUMENTATION_COMMENTS = YES;
				CLANG_WARN_EMPTY_BODY = YES;
				CLANG_WARN_ENUM_CONVERSION = YES;
				CLANG_WARN_INFINITE_RECURSION = YES;
				CLANG_WARN_INT_CONVERSION = YES;
				CLANG_WARN_NON_LITERAL_NULL_CONVERSION = YES;
				CLANG_WARN_OBJC_IMPLICIT_RETAIN_SELF = YES;
				CLANG_WARN_OBJC_LITERAL_CONVERSION = YES;
				CLANG_WARN_OBJC_ROOT_CLASS = YES_ERROR;
				CLANG_WARN_QUOTED_INCLUDE_IN_FRAMEWORK_HEADER = YES;
				CLANG_WARN_RANGE_LOOP_ANALYSIS = YES;
				CLANG_WARN_STRICT_PROTOTYPES = YES;
				CLANG_WARN_SUSPICIOUS_MOVE = YES;
				CLANG_WARN_UNGUARDED_AVAILABILITY = YES_AGGRESSIVE;
				CLANG_WARN_UNREACHABLE_CODE = YES;
				CLANG_WARN__DUPLICATE_METHOD_MATCH = YES;
				COPY_PHASE_STRIP = NO;
				DEBUG_INFORMATION_FORMAT = "dwarf-with-dsym";
				ENABLE_NS_ASSERTIONS = NO;
				ENABLE_STRICT_OBJC_MSGSEND = YES;
				GCC_C_LANGUAGE_STANDARD = gnu11;
				GCC_NO_COMMON_BLOCKS = YES;
				GCC_WARN_64_TO_32_BIT_CONVERSION = YES;
				GCC_WARN_ABOUT_RETURN_TYPE = YES_ERROR;
				GCC_WARN_UNDECLARED_SELECTOR = YES;
				GCC_WARN_UNINITIALIZED_AUTOS = YES_AGGRESSIVE;
				GCC_WARN_UNUSED_FUNCTION = YES;
				GCC_WARN_UNUSED_VARIABLE = YES;
				IPHONEOS_DEPLOYMENT_TARGET = 16.1;
				MTL_ENABLE_DEBUG_INFO = NO;
				MTL_FAST_MATH = YES;
				SDKROOT = iphoneos;
				SWIFT_COMPILATION_MODE = wholemodule;
				SWIFT_OPTIMIZATION_LEVEL = "-O";
				VALIDATE_PRODUCT = YES;
			};
			name = Release;
		};
		A7D3160D2944F9A500A18882 /* Debug */ = {
			isa = XCBuildConfiguration;
			buildSettings = {
				ASSETCATALOG_COMPILER_APPICON_NAME = AppIcon;
				ASSETCATALOG_COMPILER_GLOBAL_ACCENT_COLOR_NAME = AccentColor;
				CODE_SIGN_STYLE = Automatic;
				CURRENT_PROJECT_VERSION = 1;
				DEVELOPMENT_ASSET_PATHS = "\"AncoringObjectWithAR/Preview Content\"";
				DEVELOPMENT_TEAM = 895264CP6B;
				ENABLE_PREVIEWS = YES;
				GENERATE_INFOPLIST_FILE = YES;
				INFOPLIST_KEY_NSCameraUsageDescription = "";
				INFOPLIST_KEY_UIApplicationSupportsIndirectInputEvents = YES;
				INFOPLIST_KEY_UILaunchScreen_Generation = YES;
				INFOPLIST_KEY_UIRequiredDeviceCapabilities = arkit;
				INFOPLIST_KEY_UIStatusBarHidden = YES;
				INFOPLIST_KEY_UISupportedInterfaceOrientations_iPad = "UIInterfaceOrientationPortrait UIInterfaceOrientationPortraitUpsideDown UIInterfaceOrientationLandscapeLeft UIInterfaceOrientationLandscapeRight";
				INFOPLIST_KEY_UISupportedInterfaceOrientations_iPhone = "UIInterfaceOrientationPortrait UIInterfaceOrientationLandscapeLeft UIInterfaceOrientationLandscapeRight";
				LD_RUNPATH_SEARCH_PATHS = (
					"$(inherited)",
					"@executable_path/Frameworks",
				);
				MARKETING_VERSION = 1.0;
				PRODUCT_BUNDLE_IDENTIFIER = bruno.AncoringObjectWithAR;
				PRODUCT_NAME = "$(TARGET_NAME)";
				SWIFT_EMIT_LOC_STRINGS = YES;
				SWIFT_VERSION = 5.0;
				TARGETED_DEVICE_FAMILY = "1,2";
			};
			name = Debug;
		};
		A7D3160E2944F9A500A18882 /* Release */ = {
			isa = XCBuildConfiguration;
			buildSettings = {
				ASSETCATALOG_COMPILER_APPICON_NAME = AppIcon;
				ASSETCATALOG_COMPILER_GLOBAL_ACCENT_COLOR_NAME = AccentColor;
				CODE_SIGN_STYLE = Automatic;
				CURRENT_PROJECT_VERSION = 1;
				DEVELOPMENT_ASSET_PATHS = "\"AncoringObjectWithAR/Preview Content\"";
				DEVELOPMENT_TEAM = 895264CP6B;
				ENABLE_PREVIEWS = YES;
				GENERATE_INFOPLIST_FILE = YES;
				INFOPLIST_KEY_NSCameraUsageDescription = "";
				INFOPLIST_KEY_UIApplicationSupportsIndirectInputEvents = YES;
				INFOPLIST_KEY_UILaunchScreen_Generation = YES;
				INFOPLIST_KEY_UIRequiredDeviceCapabilities = arkit;
				INFOPLIST_KEY_UIStatusBarHidden = YES;
				INFOPLIST_KEY_UISupportedInterfaceOrientations_iPad = "UIInterfaceOrientationPortrait UIInterfaceOrientationPortraitUpsideDown UIInterfaceOrientationLandscapeLeft UIInterfaceOrientationLandscapeRight";
				INFOPLIST_KEY_UISupportedInterfaceOrientations_iPhone = "UIInterfaceOrientationPortrait UIInterfaceOrientationLandscapeLeft UIInterfaceOrientationLandscapeRight";
				LD_RUNPATH_SEARCH_PATHS = (
					"$(inherited)",
					"@executable_path/Frameworks",
				);
				MARKETING_VERSION = 1.0;
				PRODUCT_BUNDLE_IDENTIFIER = bruno.AncoringObjectWithAR;
				PRODUCT_NAME = "$(TARGET_NAME)";
				SWIFT_EMIT_LOC_STRINGS = YES;
				SWIFT_VERSION = 5.0;
				TARGETED_DEVICE_FAMILY = "1,2";
			};
			name = Release;
		};
		A7D316102944F9A500A18882 /* Debug */ = {
			isa = XCBuildConfiguration;
			buildSettings = {
				ALWAYS_EMBED_SWIFT_STANDARD_LIBRARIES = YES;
				BUNDLE_LOADER = "$(TEST_HOST)";
				CODE_SIGN_STYLE = Automatic;
				CURRENT_PROJECT_VERSION = 1;
				DEVELOPMENT_TEAM = 895264CP6B;
				GENERATE_INFOPLIST_FILE = YES;
				IPHONEOS_DEPLOYMENT_TARGET = 16.1;
				MARKETING_VERSION = 1.0;
				PRODUCT_BUNDLE_IDENTIFIER = bruno.AncoringObjectWithARTests;
				PRODUCT_NAME = "$(TARGET_NAME)";
				SWIFT_EMIT_LOC_STRINGS = NO;
				SWIFT_VERSION = 5.0;
				TARGETED_DEVICE_FAMILY = "1,2";
				TEST_HOST = "$(BUILT_PRODUCTS_DIR)/AncoringObjectWithAR.app/$(BUNDLE_EXECUTABLE_FOLDER_PATH)/AncoringObjectWithAR";
			};
			name = Debug;
		};
		A7D316112944F9A500A18882 /* Release */ = {
			isa = XCBuildConfiguration;
			buildSettings = {
				ALWAYS_EMBED_SWIFT_STANDARD_LIBRARIES = YES;
				BUNDLE_LOADER = "$(TEST_HOST)";
				CODE_SIGN_STYLE = Automatic;
				CURRENT_PROJECT_VERSION = 1;
				DEVELOPMENT_TEAM = 895264CP6B;
				GENERATE_INFOPLIST_FILE = YES;
				IPHONEOS_DEPLOYMENT_TARGET = 16.1;
				MARKETING_VERSION = 1.0;
				PRODUCT_BUNDLE_IDENTIFIER = bruno.AncoringObjectWithARTests;
				PRODUCT_NAME = "$(TARGET_NAME)";
				SWIFT_EMIT_LOC_STRINGS = NO;
				SWIFT_VERSION = 5.0;
				TARGETED_DEVICE_FAMILY = "1,2";
				TEST_HOST = "$(BUILT_PRODUCTS_DIR)/AncoringObjectWithAR.app/$(BUNDLE_EXECUTABLE_FOLDER_PATH)/AncoringObjectWithAR";
			};
			name = Release;
		};
		A7D316132944F9A500A18882 /* Debug */ = {
			isa = XCBuildConfiguration;
			buildSettings = {
				ALWAYS_EMBED_SWIFT_STANDARD_LIBRARIES = YES;
				CODE_SIGN_STYLE = Automatic;
				CURRENT_PROJECT_VERSION = 1;
				DEVELOPMENT_TEAM = 895264CP6B;
				GENERATE_INFOPLIST_FILE = YES;
				MARKETING_VERSION = 1.0;
				PRODUCT_BUNDLE_IDENTIFIER = bruno.AncoringObjectWithARUITests;
				PRODUCT_NAME = "$(TARGET_NAME)";
				SWIFT_EMIT_LOC_STRINGS = NO;
				SWIFT_VERSION = 5.0;
				TARGETED_DEVICE_FAMILY = "1,2";
				TEST_TARGET_NAME = AncoringObjectWithAR;
			};
			name = Debug;
		};
		A7D316142944F9A500A18882 /* Release */ = {
			isa = XCBuildConfiguration;
			buildSettings = {
				ALWAYS_EMBED_SWIFT_STANDARD_LIBRARIES = YES;
				CODE_SIGN_STYLE = Automatic;
				CURRENT_PROJECT_VERSION = 1;
				DEVELOPMENT_TEAM = 895264CP6B;
				GENERATE_INFOPLIST_FILE = YES;
				MARKETING_VERSION = 1.0;
				PRODUCT_BUNDLE_IDENTIFIER = bruno.AncoringObjectWithARUITests;
				PRODUCT_NAME = "$(TARGET_NAME)";
				SWIFT_EMIT_LOC_STRINGS = NO;
				SWIFT_VERSION = 5.0;
				TARGETED_DEVICE_FAMILY = "1,2";
				TEST_TARGET_NAME = AncoringObjectWithAR;
			};
			name = Release;
		};
/* End XCBuildConfiguration section */

/* Begin XCConfigurationList section */
		A7D315E12944F9A400A18882 /* Build configuration list for PBXProject "AncoringObjectWithAR" */ = {
			isa = XCConfigurationList;
			buildConfigurations = (
				A7D3160A2944F9A500A18882 /* Debug */,
				A7D3160B2944F9A500A18882 /* Release */,
			);
			defaultConfigurationIsVisible = 0;
			defaultConfigurationName = Release;
		};
		A7D3160C2944F9A500A18882 /* Build configuration list for PBXNativeTarget "AncoringObjectWithAR" */ = {
			isa = XCConfigurationList;
			buildConfigurations = (
				A7D3160D2944F9A500A18882 /* Debug */,
				A7D3160E2944F9A500A18882 /* Release */,
			);
			defaultConfigurationIsVisible = 0;
			defaultConfigurationName = Release;
		};
		A7D3160F2944F9A500A18882 /* Build configuration list for PBXNativeTarget "AncoringObjectWithARTests" */ = {
			isa = XCConfigurationList;
			buildConfigurations = (
				A7D316102944F9A500A18882 /* Debug */,
				A7D316112944F9A500A18882 /* Release */,
			);
			defaultConfigurationIsVisible = 0;
			defaultConfigurationName = Release;
		};
		A7D316122944F9A500A18882 /* Build configuration list for PBXNativeTarget "AncoringObjectWithARUITests" */ = {
			isa = XCConfigurationList;
			buildConfigurations = (
				A7D316132944F9A500A18882 /* Debug */,
				A7D316142944F9A500A18882 /* Release */,
			);
			defaultConfigurationIsVisible = 0;
			defaultConfigurationName = Release;
		};
/* End XCConfigurationList section */
	};
	rootObject = A7D315DE2944F9A400A18882 /* Project object */;
}
